// !$*UTF8*$!
{
	archiveVersion = 1;
	classes = {
	};
	objectVersion = 46;
	objects = {

/* Begin PBXBuildFile section */
		AA3C192F1883476B00F88B4B /* Foundation.framework in Frameworks */ = {isa = PBXBuildFile; fileRef = AA3C192E1883476B00F88B4B /* Foundation.framework */; };
		AA3C19311883476B00F88B4B /* CoreGraphics.framework in Frameworks */ = {isa = PBXBuildFile; fileRef = AA3C19301883476B00F88B4B /* CoreGraphics.framework */; };
		AA3C19331883476B00F88B4B /* UIKit.framework in Frameworks */ = {isa = PBXBuildFile; fileRef = AA3C19321883476B00F88B4B /* UIKit.framework */; };
		AA3C19391883476B00F88B4B /* InfoPlist.strings in Resources */ = {isa = PBXBuildFile; fileRef = AA3C19371883476B00F88B4B /* InfoPlist.strings */; };
		AA3C193B1883476B00F88B4B /* main.m in Sources */ = {isa = PBXBuildFile; fileRef = AA3C193A1883476B00F88B4B /* main.m */; };
		AA3C193F1883476B00F88B4B /* cykAppDelegate.m in Sources */ = {isa = PBXBuildFile; fileRef = AA3C193E1883476B00F88B4B /* cykAppDelegate.m */; };
		AA3C19421883476B00F88B4B /* Main_iPhone.storyboard in Resources */ = {isa = PBXBuildFile; fileRef = AA3C19401883476B00F88B4B /* Main_iPhone.storyboard */; };
		AA3C19451883476B00F88B4B /* Main_iPad.storyboard in Resources */ = {isa = PBXBuildFile; fileRef = AA3C19431883476B00F88B4B /* Main_iPad.storyboard */; };
		AA3C19481883476B00F88B4B /* cykViewController.m in Sources */ = {isa = PBXBuildFile; fileRef = AA3C19471883476B00F88B4B /* cykViewController.m */; };
		AA3C194A1883476B00F88B4B /* Images.xcassets in Resources */ = {isa = PBXBuildFile; fileRef = AA3C19491883476B00F88B4B /* Images.xcassets */; };
		AA3C19511883476B00F88B4B /* XCTest.framework in Frameworks */ = {isa = PBXBuildFile; fileRef = AA3C19501883476B00F88B4B /* XCTest.framework */; };
		AA3C19521883476B00F88B4B /* Foundation.framework in Frameworks */ = {isa = PBXBuildFile; fileRef = AA3C192E1883476B00F88B4B /* Foundation.framework */; };
		AA3C19531883476B00F88B4B /* UIKit.framework in Frameworks */ = {isa = PBXBuildFile; fileRef = AA3C19321883476B00F88B4B /* UIKit.framework */; };
		AA3C195B1883476B00F88B4B /* InfoPlist.strings in Resources */ = {isa = PBXBuildFile; fileRef = AA3C19591883476B00F88B4B /* InfoPlist.strings */; };
		AA3C195D1883476B00F88B4B /* SinglePickerViewTests.m in Sources */ = {isa = PBXBuildFile; fileRef = AA3C195C1883476B00F88B4B /* SinglePickerViewTests.m */; };
		AAD554E7188C720000332B75 /* recipe3_460x316.jpg in Resources */ = {isa = PBXBuildFile; fileRef = AAD554E6188C720000332B75 /* recipe3_460x316.jpg */; };
/* End PBXBuildFile section */

/* Begin PBXContainerItemProxy section */
		AA3C19541883476B00F88B4B /* PBXContainerItemProxy */ = {
			isa = PBXContainerItemProxy;
			containerPortal = AA3C19231883476B00F88B4B /* Project object */;
			proxyType = 1;
			remoteGlobalIDString = AA3C192A1883476B00F88B4B;
			remoteInfo = SinglePickerView;
		};
/* End PBXContainerItemProxy section */

/* Begin PBXFileReference section */
		AA3C192B1883476B00F88B4B /* SinglePickerView.app */ = {isa = PBXFileReference; explicitFileType = wrapper.application; includeInIndex = 0; path = SinglePickerView.app; sourceTree = BUILT_PRODUCTS_DIR; };
		AA3C192E1883476B00F88B4B /* Foundation.framework */ = {isa = PBXFileReference; lastKnownFileType = wrapper.framework; name = Foundation.framework; path = System/Library/Frameworks/Foundation.framework; sourceTree = SDKROOT; };
		AA3C19301883476B00F88B4B /* CoreGraphics.framework */ = {isa = PBXFileReference; lastKnownFileType = wrapper.framework; name = CoreGraphics.framework; path = System/Library/Frameworks/CoreGraphics.framework; sourceTree = SDKROOT; };
		AA3C19321883476B00F88B4B /* UIKit.framework */ = {isa = PBXFileReference; lastKnownFileType = wrapper.framework; name = UIKit.framework; path = System/Library/Frameworks/UIKit.framework; sourceTree = SDKROOT; };
		AA3C19361883476B00F88B4B /* SinglePickerView-Info.plist */ = {isa = PBXFileReference; lastKnownFileType = text.plist.xml; path = "SinglePickerView-Info.plist"; sourceTree = "<group>"; };
		AA3C19381883476B00F88B4B /* en */ = {isa = PBXFileReference; lastKnownFileType = text.plist.strings; name = en; path = en.lproj/InfoPlist.strings; sourceTree = "<group>"; };
		AA3C193A1883476B00F88B4B /* main.m */ = {isa = PBXFileReference; lastKnownFileType = sourcecode.c.objc; path = main.m; sourceTree = "<group>"; };
		AA3C193C1883476B00F88B4B /* SinglePickerView-Prefix.pch */ = {isa = PBXFileReference; lastKnownFileType = sourcecode.c.h; path = "SinglePickerView-Prefix.pch"; sourceTree = "<group>"; };
		AA3C193D1883476B00F88B4B /* cykAppDelegate.h */ = {isa = PBXFileReference; lastKnownFileType = sourcecode.c.h; path = cykAppDelegate.h; sourceTree = "<group>"; };
		AA3C193E1883476B00F88B4B /* cykAppDelegate.m */ = {isa = PBXFileReference; lastKnownFileType = sourcecode.c.objc; path = cykAppDelegate.m; sourceTree = "<group>"; };
		AA3C19411883476B00F88B4B /* Base */ = {isa = PBXFileReference; lastKnownFileType = file.storyboard; name = Base; path = Base.lproj/Main_iPhone.storyboard; sourceTree = "<group>"; };
		AA3C19441883476B00F88B4B /* Base */ = {isa = PBXFileReference; lastKnownFileType = file.storyboard; name = Base; path = Base.lproj/Main_iPad.storyboard; sourceTree = "<group>"; };
		AA3C19461883476B00F88B4B /* cykViewController.h */ = {isa = PBXFileReference; lastKnownFileType = sourcecode.c.h; path = cykViewController.h; sourceTree = "<group>"; };
		AA3C19471883476B00F88B4B /* cykViewController.m */ = {isa = PBXFileReference; lastKnownFileType = sourcecode.c.objc; path = cykViewController.m; sourceTree = "<group>"; };
		AA3C19491883476B00F88B4B /* Images.xcassets */ = {isa = PBXFileReference; lastKnownFileType = folder.assetcatalog; path = Images.xcassets; sourceTree = "<group>"; };
		AA3C194F1883476B00F88B4B /* SinglePickerViewTests.xctest */ = {isa = PBXFileReference; explicitFileType = wrapper.cfbundle; includeInIndex = 0; path = SinglePickerViewTests.xctest; sourceTree = BUILT_PRODUCTS_DIR; };
		AA3C19501883476B00F88B4B /* XCTest.framework */ = {isa = PBXFileReference; lastKnownFileType = wrapper.framework; name = XCTest.framework; path = Library/Frameworks/XCTest.framework; sourceTree = DEVELOPER_DIR; };
		AA3C19581883476B00F88B4B /* SinglePickerViewTests-Info.plist */ = {isa = PBXFileReference; lastKnownFileType = text.plist.xml; path = "SinglePickerViewTests-Info.plist"; sourceTree = "<group>"; };
		AA3C195A1883476B00F88B4B /* en */ = {isa = PBXFileReference; lastKnownFileType = text.plist.strings; name = en; path = en.lproj/InfoPlist.strings; sourceTree = "<group>"; };
		AA3C195C1883476B00F88B4B /* SinglePickerViewTests.m */ = {isa = PBXFileReference; lastKnownFileType = sourcecode.c.objc; path = SinglePickerViewTests.m; sourceTree = "<group>"; };
		AAD554E6188C720000332B75 /* recipe3_460x316.jpg */ = {isa = PBXFileReference; lastKnownFileType = image.jpeg; name = recipe3_460x316.jpg; path = ../../../Documents/recipe3_460x316.jpg; sourceTree = "<group>"; };
/* End PBXFileReference section */

/* Begin PBXFrameworksBuildPhase section */
		AA3C19281883476B00F88B4B /* Frameworks */ = {
			isa = PBXFrameworksBuildPhase;
			buildActionMask = 2147483647;
			files = (
				AA3C19311883476B00F88B4B /* CoreGraphics.framework in Frameworks */,
				AA3C19331883476B00F88B4B /* UIKit.framework in Frameworks */,
				AA3C192F1883476B00F88B4B /* Foundation.framework in Frameworks */,
			);
			runOnlyForDeploymentPostprocessing = 0;
		};
		AA3C194C1883476B00F88B4B /* Frameworks */ = {
			isa = PBXFrameworksBuildPhase;
			buildActionMask = 2147483647;
			files = (
				AA3C19511883476B00F88B4B /* XCTest.framework in Frameworks */,
				AA3C19531883476B00F88B4B /* UIKit.framework in Frameworks */,
				AA3C19521883476B00F88B4B /* Foundation.framework in Frameworks */,
			);
			runOnlyForDeploymentPostprocessing = 0;
		};
/* End PBXFrameworksBuildPhase section */

/* Begin PBXGroup section */
		AA3C19221883476B00F88B4B = {
			isa = PBXGroup;
			children = (
				AA3C19341883476B00F88B4B /* SinglePickerView */,
				AA3C19561883476B00F88B4B /* SinglePickerViewTests */,
				AA3C192D1883476B00F88B4B /* Frameworks */,
				AA3C192C1883476B00F88B4B /* Products */,
			);
			sourceTree = "<group>";
		};
		AA3C192C1883476B00F88B4B /* Products */ = {
			isa = PBXGroup;
			children = (
				AA3C192B1883476B00F88B4B /* SinglePickerView.app */,
				AA3C194F1883476B00F88B4B /* SinglePickerViewTests.xctest */,
			);
			name = Products;
			sourceTree = "<group>";
		};
		AA3C192D1883476B00F88B4B /* Frameworks */ = {
			isa = PBXGroup;
			children = (
				AA3C192E1883476B00F88B4B /* Foundation.framework */,
				AA3C19301883476B00F88B4B /* CoreGraphics.framework */,
				AA3C19321883476B00F88B4B /* UIKit.framework */,
				AA3C19501883476B00F88B4B /* XCTest.framework */,
			);
			name = Frameworks;
			sourceTree = "<group>";
		};
		AA3C19341883476B00F88B4B /* SinglePickerView */ = {
			isa = PBXGroup;
			children = (
				AAD554E6188C720000332B75 /* recipe3_460x316.jpg */,
				AA3C193D1883476B00F88B4B /* cykAppDelegate.h */,
				AA3C193E1883476B00F88B4B /* cykAppDelegate.m */,
				AA3C19401883476B00F88B4B /* Main_iPhone.storyboard */,
				AA3C19431883476B00F88B4B /* Main_iPad.storyboard */,
				AA3C19461883476B00F88B4B /* cykViewController.h */,
				AA3C19471883476B00F88B4B /* cykViewController.m */,
				AA3C19491883476B00F88B4B /* Images.xcassets */,
				AA3C19351883476B00F88B4B /* Supporting Files */,
			);
			path = SinglePickerView;
			sourceTree = "<group>";
		};
		AA3C19351883476B00F88B4B /* Supporting Files */ = {
			isa = PBXGroup;
			children = (
				AA3C19361883476B00F88B4B /* SinglePickerView-Info.plist */,
				AA3C19371883476B00F88B4B /* InfoPlist.strings */,
				AA3C193A1883476B00F88B4B /* main.m */,
				AA3C193C1883476B00F88B4B /* SinglePickerView-Prefix.pch */,
			);
			name = "Supporting Files";
			sourceTree = "<group>";
		};
		AA3C19561883476B00F88B4B /* SinglePickerViewTests */ = {
			isa = PBXGroup;
			children = (
				AA3C195C1883476B00F88B4B /* SinglePickerViewTests.m */,
				AA3C19571883476B00F88B4B /* Supporting Files */,
			);
			path = SinglePickerViewTests;
			sourceTree = "<group>";
		};
		AA3C19571883476B00F88B4B /* Supporting Files */ = {
			isa = PBXGroup;
			children = (
				AA3C19581883476B00F88B4B /* SinglePickerViewTests-Info.plist */,
				AA3C19591883476B00F88B4B /* InfoPlist.strings */,
			);
			name = "Supporting Files";
			sourceTree = "<group>";
		};
/* End PBXGroup section */

/* Begin PBXNativeTarget section */
		AA3C192A1883476B00F88B4B /* SinglePickerView */ = {
			isa = PBXNativeTarget;
			buildConfigurationList = AA3C19601883476B00F88B4B /* Build configuration list for PBXNativeTarget "SinglePickerView" */;
			buildPhases = (
				AA3C19271883476B00F88B4B /* Sources */,
				AA3C19281883476B00F88B4B /* Frameworks */,
				AA3C19291883476B00F88B4B /* Resources */,
			);
			buildRules = (
			);
			dependencies = (
			);
			name = SinglePickerView;
			productName = SinglePickerView;
			productReference = AA3C192B1883476B00F88B4B /* SinglePickerView.app */;
			productType = "com.apple.product-type.application";
		};
		AA3C194E1883476B00F88B4B /* SinglePickerViewTests */ = {
			isa = PBXNativeTarget;
			buildConfigurationList = AA3C19631883476B00F88B4B /* Build configuration list for PBXNativeTarget "SinglePickerViewTests" */;
			buildPhases = (
				AA3C194B1883476B00F88B4B /* Sources */,
				AA3C194C1883476B00F88B4B /* Frameworks */,
				AA3C194D1883476B00F88B4B /* Resources */,
			);
			buildRules = (
			);
			dependencies = (
				AA3C19551883476B00F88B4B /* PBXTargetDependency */,
			);
			name = SinglePickerViewTests;
			productName = SinglePickerViewTests;
			productReference = AA3C194F1883476B00F88B4B /* SinglePickerViewTests.xctest */;
			productType = "com.apple.product-type.bundle.unit-test";
		};
/* End PBXNativeTarget section */

/* Begin PBXProject section */
		AA3C19231883476B00F88B4B /* Project object */ = {
			isa = PBXProject;
			attributes = {
				CLASSPREFIX = cyk;
				LastUpgradeCheck = 0500;
				ORGANIZATIONNAME = "Cooking Yann & Ken";
				TargetAttributes = {
					AA3C194E1883476B00F88B4B = {
						TestTargetID = AA3C192A1883476B00F88B4B;
					};
				};
			};
			buildConfigurationList = AA3C19261883476B00F88B4B /* Build configuration list for PBXProject "SinglePickerView" */;
			compatibilityVersion = "Xcode 3.2";
			developmentRegion = English;
			hasScannedForEncodings = 0;
			knownRegions = (
				en,
				Base,
			);
			mainGroup = AA3C19221883476B00F88B4B;
			productRefGroup = AA3C192C1883476B00F88B4B /* Products */;
			projectDirPath = "";
			projectRoot = "";
			targets = (
				AA3C192A1883476B00F88B4B /* SinglePickerView */,
				AA3C194E1883476B00F88B4B /* SinglePickerViewTests */,
			);
		};
/* End PBXProject section */

/* Begin PBXResourcesBuildPhase section */
		AA3C19291883476B00F88B4B /* Resources */ = {
			isa = PBXResourcesBuildPhase;
			buildActionMask = 2147483647;
			files = (
				AA3C19451883476B00F88B4B /* Main_iPad.storyboard in Resources */,
				AAD554E7188C720000332B75 /* recipe3_460x316.jpg in Resources */,
				AA3C194A1883476B00F88B4B /* Images.xcassets in Resources */,
				AA3C19421883476B00F88B4B /* Main_iPhone.storyboard in Resources */,
				AA3C19391883476B00F88B4B /* InfoPlist.strings in Resources */,
			);
			runOnlyForDeploymentPostprocessing = 0;
		};
		AA3C194D1883476B00F88B4B /* Resources */ = {
			isa = PBXResourcesBuildPhase;
			buildActionMask = 2147483647;
			files = (
				AA3C195B1883476B00F88B4B /* InfoPlist.strings in Resources */,
			);
			runOnlyForDeploymentPostprocessing = 0;
		};
/* End PBXResourcesBuildPhase section */

/* Begin PBXSourcesBuildPhase section */
		AA3C19271883476B00F88B4B /* Sources */ = {
			isa = PBXSourcesBuildPhase;
			buildActionMask = 2147483647;
			files = (
				AA3C19481883476B00F88B4B /* cykViewController.m in Sources */,
				AA3C193F1883476B00F88B4B /* cykAppDelegate.m in Sources */,
				AA3C193B1883476B00F88B4B /* main.m in Sources */,
			);
			runOnlyForDeploymentPostprocessing = 0;
		};
		AA3C194B1883476B00F88B4B /* Sources */ = {
			isa = PBXSourcesBuildPhase;
			buildActionMask = 2147483647;
			files = (
				AA3C195D1883476B00F88B4B /* SinglePickerViewTests.m in Sources */,
			);
			runOnlyForDeploymentPostprocessing = 0;
		};
/* End PBXSourcesBuildPhase section */

/* Begin PBXTargetDependency section */
		AA3C19551883476B00F88B4B /* PBXTargetDependency */ = {
			isa = PBXTargetDependency;
			target = AA3C192A1883476B00F88B4B /* SinglePickerView */;
			targetProxy = AA3C19541883476B00F88B4B /* PBXContainerItemProxy */;
		};
/* End PBXTargetDependency section */

/* Begin PBXVariantGroup section */
		AA3C19371883476B00F88B4B /* InfoPlist.strings */ = {
			isa = PBXVariantGroup;
			children = (
				AA3C19381883476B00F88B4B /* en */,
			);
			name = InfoPlist.strings;
			sourceTree = "<group>";
		};
		AA3C19401883476B00F88B4B /* Main_iPhone.storyboard */ = {
			isa = PBXVariantGroup;
			children = (
				AA3C19411883476B00F88B4B /* Base */,
			);
			name = Main_iPhone.storyboard;
			sourceTree = "<group>";
		};
		AA3C19431883476B00F88B4B /* Main_iPad.storyboard */ = {
			isa = PBXVariantGroup;
			children = (
				AA3C19441883476B00F88B4B /* Base */,
			);
			name = Main_iPad.storyboard;
			sourceTree = "<group>";
		};
		AA3C19591883476B00F88B4B /* InfoPlist.strings */ = {
			isa = PBXVariantGroup;
			children = (
				AA3C195A1883476B00F88B4B /* en */,
			);
			name = InfoPlist.strings;
			sourceTree = "<group>";
		};
/* End PBXVariantGroup section */

/* Begin XCBuildConfiguration section */
		AA3C195E1883476B00F88B4B /* Debug */ = {
			isa = XCBuildConfiguration;
			buildSettings = {
				ALWAYS_SEARCH_USER_PATHS = NO;
				ARCHS = "$(ARCHS_STANDARD_INCLUDING_64_BIT)";
				CLANG_CXX_LANGUAGE_STANDARD = "gnu++0x";
				CLANG_CXX_LIBRARY = "libc++";
				CLANG_ENABLE_MODULES = YES;
				CLANG_ENABLE_OBJC_ARC = YES;
				CLANG_WARN_BOOL_CONVERSION = YES;
				CLANG_WARN_CONSTANT_CONVERSION = YES;
				CLANG_WARN_DIRECT_OBJC_ISA_USAGE = YES_ERROR;
				CLANG_WARN_EMPTY_BODY = YES;
				CLANG_WARN_ENUM_CONVERSION = YES;
				CLANG_WARN_INT_CONVERSION = YES;
				CLANG_WARN_OBJC_ROOT_CLASS = YES_ERROR;
				CLANG_WARN__DUPLICATE_METHOD_MATCH = YES;
				"CODE_SIGN_IDENTITY[sdk=iphoneos*]" = "iPhone Developer";
				COPY_PHASE_STRIP = NO;
				GCC_C_LANGUAGE_STANDARD = gnu99;
				GCC_DYNAMIC_NO_PIC = NO;
				GCC_OPTIMIZATION_LEVEL = 0;
				GCC_PREPROCESSOR_DEFINITIONS = (
					"DEBUG=1",
					"$(inherited)",
				);
				GCC_SYMBOLS_PRIVATE_EXTERN = NO;
				GCC_WARN_64_TO_32_BIT_CONVERSION = YES;
				GCC_WARN_ABOUT_RETURN_TYPE = YES_ERROR;
				GCC_WARN_UNDECLARED_SELECTOR = YES;
				GCC_WARN_UNINITIALIZED_AUTOS = YES;
				GCC_WARN_UNUSED_FUNCTION = YES;
				GCC_WARN_UNUSED_VARIABLE = YES;
				IPHONEOS_DEPLOYMENT_TARGET = 7.0;
				ONLY_ACTIVE_ARCH = YES;
				SDKROOT = iphoneos;
				TARGETED_DEVICE_FAMILY = "1,2";
			};
			name = Debug;
		};
		AA3C195F1883476B00F88B4B /* Release */ = {
			isa = XCBuildConfiguration;
			buildSettings = {
				ALWAYS_SEARCH_USER_PATHS = NO;
				ARCHS = "$(ARCHS_STANDARD_INCLUDING_64_BIT)";
				CLANG_CXX_LANGUAGE_STANDARD = "gnu++0x";
				CLANG_CXX_LIBRARY = "libc++";
				CLANG_ENABLE_MODULES = YES;
				CLANG_ENABLE_OBJC_ARC = YES;
				CLANG_WARN_BOOL_CONVERSION = YES;
				CLANG_WARN_CONSTANT_CONVERSION = YES;
				CLANG_WARN_DIRECT_OBJC_ISA_USAGE = YES_ERROR;
				CLANG_WARN_EMPTY_BODY = YES;
				CLANG_WARN_ENUM_CONVERSION = YES;
				CLANG_WARN_INT_CONVERSION = YES;
				CLANG_WARN_OBJC_ROOT_CLASS = YES_ERROR;
				CLANG_WARN__DUPLICATE_METHOD_MATCH = YES;
				"CODE_SIGN_IDENTITY[sdk=iphoneos*]" = "iPhone Developer";
				COPY_PHASE_STRIP = YES;
				ENABLE_NS_ASSERTIONS = NO;
				GCC_C_LANGUAGE_STANDARD = gnu99;
				GCC_WARN_64_TO_32_BIT_CONVERSION = YES;
				GCC_WARN_ABOUT_RETURN_TYPE = YES_ERROR;
				GCC_WARN_UNDECLARED_SELECTOR = YES;
				GCC_WARN_UNINITIALIZED_AUTOS = YES;
				GCC_WARN_UNUSED_FUNCTION = YES;
				GCC_WARN_UNUSED_VARIABLE = YES;
				IPHONEOS_DEPLOYMENT_TARGET = 7.0;
				SDKROOT = iphoneos;
				TARGETED_DEVICE_FAMILY = "1,2";
				VALIDATE_PRODUCT = YES;
			};
			name = Release;
		};
		AA3C19611883476B00F88B4B /* Debug */ = {
			isa = XCBuildConfiguration;
			buildSettings = {
				ASSETCATALOG_COMPILER_APPICON_NAME = AppIcon;
				ASSETCATALOG_COMPILER_LAUNCHIMAGE_NAME = LaunchImage;
				GCC_PRECOMPILE_PREFIX_HEADER = YES;
				GCC_PREFIX_HEADER = "SinglePickerView/SinglePickerView-Prefix.pch";
				INFOPLIST_FILE = "SinglePickerView/SinglePickerView-Info.plist";
				PRODUCT_NAME = "$(TARGET_NAME)";
				WRAPPER_EXTENSION = app;
			};
			name = Debug;
		};
		AA3C19621883476B00F88B4B /* Release */ = {
			isa = XCBuildConfiguration;
			buildSettings = {
				ASSETCATALOG_COMPILER_APPICON_NAME = AppIcon;
				ASSETCATALOG_COMPILER_LAUNCHIMAGE_NAME = LaunchImage;
				GCC_PRECOMPILE_PREFIX_HEADER = YES;
				GCC_PREFIX_HEADER = "SinglePickerView/SinglePickerView-Prefix.pch";
				INFOPLIST_FILE = "SinglePickerView/SinglePickerView-Info.plist";
				PRODUCT_NAME = "$(TARGET_NAME)";
				WRAPPER_EXTENSION = app;
			};
			name = Release;
		};
		AA3C19641883476B00F88B4B /* Debug */ = {
			isa = XCBuildConfiguration;
			buildSettings = {
				ARCHS = "$(ARCHS_STANDARD_INCLUDING_64_BIT)";
				BUNDLE_LOADER = "$(BUILT_PRODUCTS_DIR)/SinglePickerView.app/SinglePickerView";
				FRAMEWORK_SEARCH_PATHS = (
					"$(SDKROOT)/Developer/Library/Frameworks",
					"$(inherited)",
					"$(DEVELOPER_FRAMEWORKS_DIR)",
				);
				GCC_PRECOMPILE_PREFIX_HEADER = YES;
				GCC_PREFIX_HEADER = "SinglePickerView/SinglePickerView-Prefix.pch";
				GCC_PREPROCESSOR_DEFINITIONS = (
					"DEBUG=1",
					"$(inherited)",
				);
				INFOPLIST_FILE = "SinglePickerViewTests/SinglePickerViewTests-Info.plist";
				PRODUCT_NAME = "$(TARGET_NAME)";
				TEST_HOST = "$(BUNDLE_LOADER)";
				WRAPPER_EXTENSION = xctest;
			};
			name = Debug;
		};
		AA3C19651883476B00F88B4B /* Release */ = {
			isa = XCBuildConfiguration;
			buildSettings = {
				ARCHS = "$(ARCHS_STANDARD_INCLUDING_64_BIT)";
				BUNDLE_LOADER = "$(BUILT_PRODUCTS_DIR)/SinglePickerView.app/SinglePickerView";
				FRAMEWORK_SEARCH_PATHS = (
					"$(SDKROOT)/Developer/Library/Frameworks",
					"$(inherited)",
					"$(DEVELOPER_FRAMEWORKS_DIR)",
				);
				GCC_PRECOMPILE_PREFIX_HEADER = YES;
				GCC_PREFIX_HEADER = "SinglePickerView/SinglePickerView-Prefix.pch";
				INFOPLIST_FILE = "SinglePickerViewTests/SinglePickerViewTests-Info.plist";
				PRODUCT_NAME = "$(TARGET_NAME)";
				TEST_HOST = "$(BUNDLE_LOADER)";
				WRAPPER_EXTENSION = xctest;
			};
			name = Release;
		};
/* End XCBuildConfiguration section */

/* Begin XCConfigurationList section */
		AA3C19261883476B00F88B4B /* Build configuration list for PBXProject "SinglePickerView" */ = {
			isa = XCConfigurationList;
			buildConfigurations = (
				AA3C195E1883476B00F88B4B /* Debug */,
				AA3C195F1883476B00F88B4B /* Release */,
			);
			defaultConfigurationIsVisible = 0;
			defaultConfigurationName = Release;
		};
		AA3C19601883476B00F88B4B /* Build configuration list for PBXNativeTarget "SinglePickerView" */ = {
			isa = XCConfigurationList;
			buildConfigurations = (
				AA3C19611883476B00F88B4B /* Debug */,
				AA3C19621883476B00F88B4B /* Release */,
			);
			defaultConfigurationIsVisible = 0;
			defaultConfigurationName = Release;
		};
		AA3C19631883476B00F88B4B /* Build configuration list for PBXNativeTarget "SinglePickerViewTests" */ = {
			isa = XCConfigurationList;
			buildConfigurations = (
				AA3C19641883476B00F88B4B /* Debug */,
				AA3C19651883476B00F88B4B /* Release */,
			);
			defaultConfigurationIsVisible = 0;
			defaultConfigurationName = Release;
		};
/* End XCConfigurationList section */
	};
	rootObject = AA3C19231883476B00F88B4B /* Project object */;
}
